{
  "name": "prisma-client-bb29b0973352c3c741132454631f1b12f6e34216ba34b609bec14ec174adf75c",
  "version": "5.22.0",
  "lockfileVersion": 3,
  "requires": true,
  "packages": {
    "": {
      "name": "prisma-client-bb29b0973352c3c741132454631f1b12f6e34216ba34b609bec14ec174adf75c",
      "version": "5.22.0",
      "dependencies": {
        "prisma-client-bb29b0973352c3c741132454631f1b12f6e34216ba34b609bec14ec174adf75c": "file:"
      }
    },
    "node_modules/prisma-client-bb29b0973352c3c741132454631f1b12f6e34216ba34b609bec14ec174adf75c": {
      "resolved": "",
      "link": true
    }
  }
}
