{
  "name": "prisma-client-bdf763b03e95cbf6d9948f2cbbdce1cd0bbfe7c86c595f99cebebaf9f1119943",
  "version": "5.22.0",
  "lockfileVersion": 3,
  "requires": true,
  "packages": {
    "": {
      "name": "prisma-client-bdf763b03e95cbf6d9948f2cbbdce1cd0bbfe7c86c595f99cebebaf9f1119943",
      "version": "5.22.0",
      "dependencies": {
        "prisma-client-bdf763b03e95cbf6d9948f2cbbdce1cd0bbfe7c86c595f99cebebaf9f1119943": "file:"
      }
    },
    "node_modules/prisma-client-bdf763b03e95cbf6d9948f2cbbdce1cd0bbfe7c86c595f99cebebaf9f1119943": {
      "resolved": "",
      "link": true
    }
  }
}
